
Microsoft Visual Studio Solution File, Format Version 12.00
# Visual Studio 15
Project("{FAE04EC0-301F-11D3-BF4B-00C04F79EFBC}") = "Naves_Veronica", "Naves_Veronica.csproj", "{A56122E5-69E2-F9E3-2219-B808E157E360}"
EndProject
Global
	GlobalSection(SolutionConfigurationPlatforms) = preSolution
		Debug|Any CPU = Debug|Any CPU
		Release|Any CPU = Release|Any CPU
	EndGlobalSection
	GlobalSection(ProjectConfigurationPlatforms) = postSolution
		{A56122E5-69E2-F9E3-2219-B808E157E360}.Debug|Any CPU.ActiveCfg = Debug|Any CPU
		{A56122E5-69E2-F9E3-2219-B808E157E360}.Debug|Any CPU.Build.0 = Debug|Any CPU
		{A56122E5-69E2-F9E3-2219-B808E157E360}.Release|Any CPU.ActiveCfg = Release|Any CPU
		{A56122E5-69E2-F9E3-2219-B808E157E360}.Release|Any CPU.Build.0 = Release|Any CPU
	EndGlobalSection
	GlobalSection(SolutionProperties) = preSolution
		HideSolutionNode = FALSE
	EndGlobalSection
EndGlobal
